
Microsoft Visual Studio Solution File, Format Version 12.00
# Visual Studio 15
VisualStudioVersion = 15.0.28010.2048
MinimumVisualStudioVersion = 10.0.40219.1
Project("{F184B08F-C81C-45F6-A57F-5ABD9991F28F}") = "RayTracerModelVB", "RayTracerModelVB\RayTracerModelVB.vbproj", "{DB914029-C2DD-4151-A5A2-F09AAFF1E506}"
EndProject
Project("{F184B08F-C81C-45F6-A57F-5ABD9991F28F}") = "RayTracerFixtureVB", "RayTracerFixtureVB\RayTracerFixtureVB.vbproj", "{BF312F49-A675-46BD-BA27-D68C18BD4B08}"
EndProject
Project("{F184B08F-C81C-45F6-A57F-5ABD9991F28F}") = "RayTracerTestVB", "RayTracerTestVB\RayTracerTestVB.vbproj", "{7DE8543D-E489-4A89-B631-1BB114F5597B}"
EndProject
Project("{F184B08F-C81C-45F6-A57F-5ABD9991F28F}") = "RayTracerWindowsUI_VB", "RayTracerWindowsUI_VB\RayTracerWindowsUI_VB.vbproj", "{506E24CB-4A7E-4BC4-BF51-626884777200}"
EndProject
Global
	GlobalSection(SolutionConfigurationPlatforms) = preSolution
		Debug|Any CPU = Debug|Any CPU
		Release|Any CPU = Release|Any CPU
	EndGlobalSection
	GlobalSection(ProjectConfigurationPlatforms) = postSolution
		{DB914029-C2DD-4151-A5A2-F09AAFF1E506}.Debug|Any CPU.ActiveCfg = Debug|Any CPU
		{DB914029-C2DD-4151-A5A2-F09AAFF1E506}.Debug|Any CPU.Build.0 = Debug|Any CPU
		{DB914029-C2DD-4151-A5A2-F09AAFF1E506}.Release|Any CPU.ActiveCfg = Release|Any CPU
		{DB914029-C2DD-4151-A5A2-F09AAFF1E506}.Release|Any CPU.Build.0 = Release|Any CPU
		{BF312F49-A675-46BD-BA27-D68C18BD4B08}.Debug|Any CPU.ActiveCfg = Debug|Any CPU
		{BF312F49-A675-46BD-BA27-D68C18BD4B08}.Debug|Any CPU.Build.0 = Debug|Any CPU
		{BF312F49-A675-46BD-BA27-D68C18BD4B08}.Release|Any CPU.ActiveCfg = Release|Any CPU
		{BF312F49-A675-46BD-BA27-D68C18BD4B08}.Release|Any CPU.Build.0 = Release|Any CPU
		{7DE8543D-E489-4A89-B631-1BB114F5597B}.Debug|Any CPU.ActiveCfg = Debug|Any CPU
		{7DE8543D-E489-4A89-B631-1BB114F5597B}.Debug|Any CPU.Build.0 = Debug|Any CPU
		{7DE8543D-E489-4A89-B631-1BB114F5597B}.Release|Any CPU.ActiveCfg = Release|Any CPU
		{7DE8543D-E489-4A89-B631-1BB114F5597B}.Release|Any CPU.Build.0 = Release|Any CPU
		{506E24CB-4A7E-4BC4-BF51-626884777200}.Debug|Any CPU.ActiveCfg = Debug|Any CPU
		{506E24CB-4A7E-4BC4-BF51-626884777200}.Debug|Any CPU.Build.0 = Debug|Any CPU
		{506E24CB-4A7E-4BC4-BF51-626884777200}.Release|Any CPU.ActiveCfg = Release|Any CPU
		{506E24CB-4A7E-4BC4-BF51-626884777200}.Release|Any CPU.Build.0 = Release|Any CPU
	EndGlobalSection
	GlobalSection(SolutionProperties) = preSolution
		HideSolutionNode = FALSE
	EndGlobalSection
	GlobalSection(ExtensibilityGlobals) = postSolution
		SolutionGuid = {AD2CE837-DADF-46A6-BAE4-543F975B4547}
	EndGlobalSection
EndGlobal
